
Microsoft Visual Studio Solution File, Format Version 12.00
# Visual Studio Version 16
VisualStudioVersion = 16.0.31613.86
MinimumVisualStudioVersion = 10.0.40219.1
Project("{FAE04EC0-301F-11D3-BF4B-00C04F79EFBC}") = "JoelWGradeReport", "JoelWGradeReport\JoelWGradeReport.csproj", "{BFD867B1-34A0-4CE8-8342-9FD1FF2B0A19}"
EndProject
Global
	GlobalSection(SolutionConfigurationPlatforms) = preSolution
		Debug|Any CPU = Debug|Any CPU
		Release|Any CPU = Release|Any CPU
	EndGlobalSection
	GlobalSection(ProjectConfigurationPlatforms) = postSolution
		{BFD867B1-34A0-4CE8-8342-9FD1FF2B0A19}.Debug|Any CPU.ActiveCfg = Debug|Any CPU
		{BFD867B1-34A0-4CE8-8342-9FD1FF2B0A19}.Debug|Any CPU.Build.0 = Debug|Any CPU
		{BFD867B1-34A0-4CE8-8342-9FD1FF2B0A19}.Release|Any CPU.ActiveCfg = Release|Any CPU
		{BFD867B1-34A0-4CE8-8342-9FD1FF2B0A19}.Release|Any CPU.Build.0 = Release|Any CPU
	EndGlobalSection
	GlobalSection(SolutionProperties) = preSolution
		HideSolutionNode = FALSE
	EndGlobalSection
	GlobalSection(ExtensibilityGlobals) = postSolution
		SolutionGuid = {631EA7C3-8943-421D-90A9-8EAFF3013CD5}
	EndGlobalSection
EndGlobal
